
Microsoft Visual Studio Solution File, Format Version 12.00
# Visual Studio 15
VisualStudioVersion = 15.0.27428.2011
MinimumVisualStudioVersion = 10.0.40219.1
Project("{FAE04EC0-301F-11D3-BF4B-00C04F79EFBC}") = "TestAutomation_UI", "TestAutomation_UI\TestAutomation_UI.csproj", "{54750487-5DB9-4B6B-89AC-CB5043288581}"
EndProject
Global
	GlobalSection(SolutionConfigurationPlatforms) = preSolution
		Debug|Any CPU = Debug|Any CPU
		Release|Any CPU = Release|Any CPU
	EndGlobalSection
	GlobalSection(ProjectConfigurationPlatforms) = postSolution
		{54750487-5DB9-4B6B-89AC-CB5043288581}.Debug|Any CPU.ActiveCfg = Debug|Any CPU
		{54750487-5DB9-4B6B-89AC-CB5043288581}.Debug|Any CPU.Build.0 = Debug|Any CPU
		{54750487-5DB9-4B6B-89AC-CB5043288581}.Release|Any CPU.ActiveCfg = Release|Any CPU
		{54750487-5DB9-4B6B-89AC-CB5043288581}.Release|Any CPU.Build.0 = Release|Any CPU
	EndGlobalSection
	GlobalSection(SolutionProperties) = preSolution
		HideSolutionNode = FALSE
	EndGlobalSection
	GlobalSection(ExtensibilityGlobals) = postSolution
		SolutionGuid = {76581904-9C0F-47D4-80EA-C29CC30426B0}
	EndGlobalSection
EndGlobal
